{
  "name": "Ten-currency",
  "lockfileVersion": 3,
  "requires": true,
  "packages": {
    "": {
      "dependencies": {
        "@dicebear/collection": "^9.2.3",
        "@dicebear/core": "^9.2.3"
      }
    },
    "node_modules/@dicebear/adventurer": {
      "version": "9.2.3",
      "resolved": "https://registry.npmjs.org/@dicebear/adventurer/-/adventurer-9.2.3.tgz",
      "integrity": "sha512-kF97966JCLbLFkavLKLplhubC4k8G19e1V3vtq+XWKKSBNNLMc0yhiEXnFjS6eVI4rnQ6dUpTff4gUmpREmEnQ==",
      "license": "MIT",
      "engines": {
        "node": ">=18.0.0"
      },
      "peerDependencies": {
        "@dicebear/core": "^9.0.0"
      }
    },
    "node_modules/@dicebear/adventurer-neutral": {
      "version": "9.2.3",
      "resolved": "https://registry.npmjs.org/@dicebear/adventurer-neutral/-/adventurer-neutral-9.2.3.tgz",
      "integrity": "sha512-yjsflrlGIZolEJDcIhdh5l8R6QoyZ0Fc5ZaRS95Na15GeCA0bcq92fDpyb/87F8QRYR4hcn8wYim+MZKyDnm3A==",
      "license": "MIT",
      "engines": {
        "node": ">=18.0.0"
      },
      "peerDependencies": {
        "@dicebear/core": "^9.0.0"
      }
    },
    "node_modules/@dicebear/avataaars": {
      "version": "9.2.3",
      "resolved": "https://registry.npmjs.org/@dicebear/avataaars/-/avataaars-9.2.3.tgz",
      "integrity": "sha512-Jh6mGKMA99KCF+S5rnS+QIlrApCy7NJI6SwmCzixJQmlX0GbWrgBuRxPEy2XJo4FWKGI9eFKOQ4QtNFEwGKjWQ==",
      "license": "MIT",
      "engines": {
        "node": ">=18.0.0"
      },
      "peerDependencies": {
        "@dicebear/core": "^9.0.0"
      }
    },
    "node_modules/@dicebear/avataaars-neutral": {
      "version": "9.2.3",
      "resolved": "https://registry.npmjs.org/@dicebear/avataaars-neutral/-/avataaars-neutral-9.2.3.tgz",
      "integrity": "sha512-v9Ga01GVKGchqNBc4Z2Gk5Y4P0c/jzNg6l/r4kX0xCMDXNd/vchi6QI464pHnJpDC/I8BzL1wYbpZrUEmTWJmA==",
      "license": "MIT",
      "engines": {
        "node": ">=18.0.0"
      },
      "peerDependencies": {
        "@dicebear/core": "^9.0.0"
      }
    },
    "node_modules/@dicebear/big-ears": {
      "version": "9.2.3",
      "resolved": "https://registry.npmjs.org/@dicebear/big-ears/-/big-ears-9.2.3.tgz",
      "integrity": "sha512-YTZ3QIWlG6HlkDyASAaQoetxYtQgOwq4GTJxDpzzawFbhhtMJabqAU7dzWkPY6IgJfI/MAKVxdeqXK0Aiw4E6w==",
      "license": "MIT",
      "engines": {
        "node": ">=18.0.0"
      },
      "peerDependencies": {
        "@dicebear/core": "^9.0.0"
      }
    },
    "node_modules/@dicebear/big-ears-neutral": {
      "version": "9.2.3",
      "resolved": "https://registry.npmjs.org/@dicebear/big-ears-neutral/-/big-ears-neutral-9.2.3.tgz",
      "integrity": "sha512-y4T8ukm+A/ZXBnwyx3CFZxxJlzoTGJ1xmJL2j4/6zXxjlzl3wkc2mZX36t16i6NKiBs9LJwOUNx6IezbmYjDjg==",
      "license": "MIT",
      "engines": {
        "node": ">=18.0.0"
      },
      "peerDependencies": {
        "@dicebear/core": "^9.0.0"
      }
    },
    "node_modules/@dicebear/big-smile": {
      "version": "9.2.3",
      "resolved": "https://registry.npmjs.org/@dicebear/big-smile/-/big-smile-9.2.3.tgz",
      "integrity": "sha512-/QvZlUmNIjnA6GN5VPUiD5g1MYr+qTOun3CfBSrPAav+tFo8RQGszM6ggvkmn4Q1aHwJ0XQNRiIvTJtQisuqKg==",
      "license": "MIT",
      "engines": {
        "node": ">=18.0.0"
      },
      "peerDependencies": {
        "@dicebear/core": "^9.0.0"
      }
    },
    "node_modules/@dicebear/bottts": {
      "version": "9.2.3",
      "resolved": "https://registry.npmjs.org/@dicebear/bottts/-/bottts-9.2.3.tgz",
      "integrity": "sha512-udHSuK7uDYMFiCPZsHkaqCyo0hoJFMehsTSBtvOUOQqlQGYA2E7+gLgLmfvBQlYuk61lBM4yLyQdbGj0W7Nl1Q==",
      "license": "MIT",
      "engines": {
        "node": ">=18.0.0"
      },
      "peerDependencies": {
        "@dicebear/core": "^9.0.0"
      }
    },
    "node_modules/@dicebear/bottts-neutral": {
      "version": "9.2.3",
      "resolved": "https://registry.npmjs.org/@dicebear/bottts-neutral/-/bottts-neutral-9.2.3.tgz",
      "integrity": "sha512-6wFfWwXHE3kJKP0DqgN/SmSBDPs/s8o46APst8RfHnmcDLEsQExg0WquGwXfP+3XqGjPhsm/LGaA/yXKlE/84w==",
      "license": "MIT",
      "engines": {
        "node": ">=18.0.0"
      },
      "peerDependencies": {
        "@dicebear/core": "^9.0.0"
      }
    },
    "node_modules/@dicebear/collection": {
      "version": "9.2.3",
      "resolved": "https://registry.npmjs.org/@dicebear/collection/-/collection-9.2.3.tgz",
      "integrity": "sha512-PWW1x6EnDKw66dtpy3+1/W/UTrxq9jOGaWgRj+PV6Y0Pvc2a7ZMi6tBzfGWpy0r+XdhREUQ3vyFqim+R/iE2Rg==",
      "license": "MIT",
      "dependencies": {
        "@dicebear/adventurer": "9.2.3",
        "@dicebear/adventurer-neutral": "9.2.3",
        "@dicebear/avataaars": "9.2.3",
        "@dicebear/avataaars-neutral": "9.2.3",
        "@dicebear/big-ears": "9.2.3",
        "@dicebear/big-ears-neutral": "9.2.3",
        "@dicebear/big-smile": "9.2.3",
        "@dicebear/bottts": "9.2.3",
        "@dicebear/bottts-neutral": "9.2.3",
        "@dicebear/croodles": "9.2.3",
        "@dicebear/croodles-neutral": "9.2.3",
        "@dicebear/dylan": "9.2.3",
        "@dicebear/fun-emoji": "9.2.3",
        "@dicebear/glass": "9.2.3",
        "@dicebear/icons": "9.2.3",
        "@dicebear/identicon": "9.2.3",
        "@dicebear/initials": "9.2.3",
        "@dicebear/lorelei": "9.2.3",
        "@dicebear/lorelei-neutral": "9.2.3",
        "@dicebear/micah": "9.2.3",
        "@dicebear/miniavs": "9.2.3",
        "@dicebear/notionists": "9.2.3",
        "@dicebear/notionists-neutral": "9.2.3",
        "@dicebear/open-peeps": "9.2.3",
        "@dicebear/personas": "9.2.3",
        "@dicebear/pixel-art": "9.2.3",
        "@dicebear/pixel-art-neutral": "9.2.3",
        "@dicebear/rings": "9.2.3",
        "@dicebear/shapes": "9.2.3",
        "@dicebear/thumbs": "9.2.3"
      },
      "engines": {
        "node": ">=18.0.0"
      },
      "peerDependencies": {
        "@dicebear/core": "^9.0.0"
      }
    },
    "node_modules/@dicebear/core": {
      "version": "9.2.3",
      "resolved": "https://registry.npmjs.org/@dicebear/core/-/core-9.2.3.tgz",
      "integrity": "sha512-rsWmQO/TxBtnYbQSOrOESmf/XD5TC30cwKw9LBT2+7Q9HwIf5qJKBJT25bmwvn3RPHVe4A6DkTVMtmsoSaErFg==",
      "license": "MIT",
      "dependencies": {
        "@types/json-schema": "^7.0.11"
      },
      "engines": {
        "node": ">=18.0.0"
      }
    },
    "node_modules/@dicebear/croodles": {
      "version": "9.2.3",
      "resolved": "https://registry.npmjs.org/@dicebear/croodles/-/croodles-9.2.3.tgz",
      "integrity": "sha512-dzFhchlmhst+PBMkNbLNVcOyNFWAhaFnxQOMwWluHPzg8ryiFt/LEKWB7bPKMue1jBwta6LfoUv7vDG4LpdXIw==",
      "license": "MIT",
      "engines": {
        "node": ">=18.0.0"
      },
      "peerDependencies": {
        "@dicebear/core": "^9.0.0"
      }
    },
    "node_modules/@dicebear/croodles-neutral": {
      "version": "9.2.3",
      "resolved": "https://registry.npmjs.org/@dicebear/croodles-neutral/-/croodles-neutral-9.2.3.tgz",
      "integrity": "sha512-peurufAge4ZbzqGVAyFxhZ64qKv+MLBuQK2XvXsXX0uHgtEeAgSjFl6+O0wgJ7KVKtHL56qY68Acdhy3U91BYw==",
      "license": "MIT",
      "engines": {
        "node": ">=18.0.0"
      },
      "peerDependencies": {
        "@dicebear/core": "^9.0.0"
      }
    },
    "node_modules/@dicebear/dylan": {
      "version": "9.2.3",
      "resolved": "https://registry.npmjs.org/@dicebear/dylan/-/dylan-9.2.3.tgz",
      "integrity": "sha512-gtRhE1jxKwgUE4d2N7KHJ/rSdAg8zxgViALygs8/kcs2y4uinNx5NW3OvJwNPMBAwHRqeM6GbLKycbfiYMKdwA==",
      "license": "MIT",
      "engines": {
        "node": ">=18.0.0"
      },
      "peerDependencies": {
        "@dicebear/core": "^9.0.0"
      }
    },
    "node_modules/@dicebear/fun-emoji": {
      "version": "9.2.3",
      "resolved": "https://registry.npmjs.org/@dicebear/fun-emoji/-/fun-emoji-9.2.3.tgz",
      "integrity": "sha512-zR+SmA7hWT8FDkJsdvg5uI7fOabilZfheM8RnMkEXXA0NmKgNKuWX9yFjLxeWESbJwBZFJ/SKasKcZSJP88eyw==",
      "license": "MIT",
      "engines": {
        "node": ">=18.0.0"
      },
      "peerDependencies": {
        "@dicebear/core": "^9.0.0"
      }
    },
    "node_modules/@dicebear/glass": {
      "version": "9.2.3",
      "resolved": "https://registry.npmjs.org/@dicebear/glass/-/glass-9.2.3.tgz",
      "integrity": "sha512-ucaM6TrTt/JsDa26ZQbtxevN0JLu2S06Q2+M/kAT2f0OdR6hSNdPnj/hDIVWg/u4XgW9HXrJ4Lt2KG2nZGq1MA==",
      "license": "MIT",
      "engines": {
        "node": ">=18.0.0"
      },
      "peerDependencies": {
        "@dicebear/core": "^9.0.0"
      }
    },
    "node_modules/@dicebear/icons": {
      "version": "9.2.3",
      "resolved": "https://registry.npmjs.org/@dicebear/icons/-/icons-9.2.3.tgz",
      "integrity": "sha512-2IaSmvgxzEvbtXHxhuxaCrBCtTG7HouxbInzPOetWz/YroTe5qj2k81uhl6ctbviO1PgGgkhIJ12nCIey6O/Tw==",
      "license": "MIT",
      "engines": {
        "node": ">=18.0.0"
      },
      "peerDependencies": {
        "@dicebear/core": "^9.0.0"
      }
    },
    "node_modules/@dicebear/identicon": {
      "version": "9.2.3",
      "resolved": "https://registry.npmjs.org/@dicebear/identicon/-/identicon-9.2.3.tgz",
      "integrity": "sha512-WCMYjOV19ocaJQDgD3E1z2FRgY4Zbnjieb2FSXPwW6zi04l52rhGaywk8YlCbaHilE43Iybyu1v6iDf4I71qKg==",
      "license": "MIT",
      "engines": {
        "node": ">=18.0.0"
      },
      "peerDependencies": {
        "@dicebear/core": "^9.0.0"
      }
    },
    "node_modules/@dicebear/initials": {
      "version": "9.2.3",
      "resolved": "https://registry.npmjs.org/@dicebear/initials/-/initials-9.2.3.tgz",
      "integrity": "sha512-Qz668xB/XHRNsxW3vpZ0q9xq/M6tscbv1FaFvAGbnFO2hzfqiCWSK1cfNrrqlPJbz7Pz5LIlL5xObLZ0UYhFRA==",
      "license": "MIT",
      "engines": {
        "node": ">=18.0.0"
      },
      "peerDependencies": {
        "@dicebear/core": "^9.0.0"
      }
    },
    "node_modules/@dicebear/lorelei": {
      "version": "9.2.3",
      "resolved": "https://registry.npmjs.org/@dicebear/lorelei/-/lorelei-9.2.3.tgz",
      "integrity": "sha512-ribIq7I669JyUSZ0s8jDx5N2NqQUhGSoFGK5d82JqI2HYIAury/0WDsMh0fKeuYUJb9KuDEv+e9nO3OJVa8Hog==",
      "license": "MIT",
      "engines": {
        "node": ">=18.0.0"
      },
      "peerDependencies": {
        "@dicebear/core": "^9.0.0"
      }
    },
    "node_modules/@dicebear/lorelei-neutral": {
      "version": "9.2.3",
      "resolved": "https://registry.npmjs.org/@dicebear/lorelei-neutral/-/lorelei-neutral-9.2.3.tgz",
      "integrity": "sha512-C0XcfvB1Td9y1jeaBSkuMrQTAv/RiupQ62cE25f18Mw9UuTC3TwnHR6Ms/4SAEhCZxE2xYHZccs3Lvgkn/b3dA==",
      "license": "MIT",
      "engines": {
        "node": ">=18.0.0"
      },
      "peerDependencies": {
        "@dicebear/core": "^9.0.0"
      }
    },
    "node_modules/@dicebear/micah": {
      "version": "9.2.3",
      "resolved": "https://registry.npmjs.org/@dicebear/micah/-/micah-9.2.3.tgz",
      "integrity": "sha512-CcA/vVqrFEu5oDNAwJRRmLAE1gGJseP6BJTHMOdROkIOMpt1sy7OBqOFmajGnpOxOhvqBmvTZy0bw0G2TnnKSQ==",
      "license": "MIT",
      "engines": {
        "node": ">=18.0.0"
      },
      "peerDependencies": {
        "@dicebear/core": "^9.0.0"
      }
    },
    "node_modules/@dicebear/miniavs": {
      "version": "9.2.3",
      "resolved": "https://registry.npmjs.org/@dicebear/miniavs/-/miniavs-9.2.3.tgz",
      "integrity": "sha512-l111IVYtbUXypFQz1U4hTFM5DxGThDmluG7mNi1Uu92I5/3mH7Eltm2mX3T6g1HFW8MDaTeSBKee1xGVaHmmaA==",
      "license": "MIT",
      "engines": {
        "node": ">=18.0.0"
      },
      "peerDependencies": {
        "@dicebear/core": "^9.0.0"
      }
    },
    "node_modules/@dicebear/notionists": {
      "version": "9.2.3",
      "resolved": "https://registry.npmjs.org/@dicebear/notionists/-/notionists-9.2.3.tgz",
      "integrity": "sha512-0bqS1pwAR8aAm6BDShgD5eI+u0f2CtgeFIDsOER6Je3WwFGyIBUTwwVSL7gmiA5qcvQAB9Slohj7vbN0pifTyA==",
      "license": "MIT",
      "engines": {
        "node": ">=18.0.0"
      },
      "peerDependencies": {
        "@dicebear/core": "^9.0.0"
      }
    },
    "node_modules/@dicebear/notionists-neutral": {
      "version": "9.2.3",
      "resolved": "https://registry.npmjs.org/@dicebear/notionists-neutral/-/notionists-neutral-9.2.3.tgz",
      "integrity": "sha512-4WXCE9e9xIe1QdxiGXONxWhAzDVT4nMjoZA0rtgX8Sl0lqSIeBrO4RTnyaqFbGG1V1MiPj9CbE5OB8YbwexFBg==",
      "license": "MIT",
      "engines": {
        "node": ">=18.0.0"
      },
      "peerDependencies": {
        "@dicebear/core": "^9.0.0"
      }
    },
    "node_modules/@dicebear/open-peeps": {
      "version": "9.2.3",
      "resolved": "https://registry.npmjs.org/@dicebear/open-peeps/-/open-peeps-9.2.3.tgz",
      "integrity": "sha512-QcqKF3geA2Aqw1aJo8PO7+mKXz2I882D61I19vm94V1ojWnyw+8ihFmCLPReVcxQatxNjraTXCoKyT37TbgKBg==",
      "license": "MIT",
      "engines": {
        "node": ">=18.0.0"
      },
      "peerDependencies": {
        "@dicebear/core": "^9.0.0"
      }
    },
    "node_modules/@dicebear/personas": {
      "version": "9.2.3",
      "resolved": "https://registry.npmjs.org/@dicebear/personas/-/personas-9.2.3.tgz",
      "integrity": "sha512-YUXyoOwgt9CGhEuWl+dChDLmcVyuoU5UB7GY8PLWyHoy+1K3MzHJI7XFeDXyOYFpfuBiVY2++YjUZg26loqCNw==",
      "license": "MIT",
      "engines": {
        "node": ">=18.0.0"
      },
      "peerDependencies": {
        "@dicebear/core": "^9.0.0"
      }
    },
    "node_modules/@dicebear/pixel-art": {
      "version": "9.2.3",
      "resolved": "https://registry.npmjs.org/@dicebear/pixel-art/-/pixel-art-9.2.3.tgz",
      "integrity": "sha512-4JZS/zbZZXg99P10sza0yxC2v+ugEWcoNy+c4I98ylWOjs2BrKcupSsU/2R11egT4u7hEknlVqR1zxKBGjuIDA==",
      "license": "MIT",
      "engines": {
        "node": ">=18.0.0"
      },
      "peerDependencies": {
        "@dicebear/core": "^9.0.0"
      }
    },
    "node_modules/@dicebear/pixel-art-neutral": {
      "version": "9.2.3",
      "resolved": "https://registry.npmjs.org/@dicebear/pixel-art-neutral/-/pixel-art-neutral-9.2.3.tgz",
      "integrity": "sha512-Eblj/m8x0VSsJfN++GRMPdqOXCcTh0TIIf2waLbNlaOEU1xdhkYC9wSdYfjNv3gUIdbButiYWHwPgRZETcx1qQ==",
      "license": "MIT",
      "engines": {
        "node": ">=18.0.0"
      },
      "peerDependencies": {
        "@dicebear/core": "^9.0.0"
      }
    },
    "node_modules/@dicebear/rings": {
      "version": "9.2.3",
      "resolved": "https://registry.npmjs.org/@dicebear/rings/-/rings-9.2.3.tgz",
      "integrity": "sha512-L4gZAzMsf9TNS99Um1ElG7Ncs9VSpQugLL0fCfDkMEkGxvwM+Aqu1UfX7iV3qNsEiu/zaR+3qCMBOEfNGUE1vA==",
      "license": "MIT",
      "engines": {
        "node": ">=18.0.0"
      },
      "peerDependencies": {
        "@dicebear/core": "^9.0.0"
      }
    },
    "node_modules/@dicebear/shapes": {
      "version": "9.2.3",
      "resolved": "https://registry.npmjs.org/@dicebear/shapes/-/shapes-9.2.3.tgz",
      "integrity": "sha512-4MlhZED2ZDfHymNiPtj67UwW79ECoK1gDjRsUS5BPQUBFIQ22cYrKrRhDcs1CxMZCStnVsH26tt3atIkFeIo9Q==",
      "license": "MIT",
      "engines": {
        "node": ">=18.0.0"
      },
      "peerDependencies": {
        "@dicebear/core": "^9.0.0"
      }
    },
    "node_modules/@dicebear/thumbs": {
      "version": "9.2.3",
      "resolved": "https://registry.npmjs.org/@dicebear/thumbs/-/thumbs-9.2.3.tgz",
      "integrity": "sha512-C9vFXjYpLWa98tc4n+FcWkpJAWaGSJOqPUeaom+KVU/ibXLkr21RlcDCRc63YJfiULlE8bQhDWw7FaUAFV3gew==",
      "license": "MIT",
      "engines": {
        "node": ">=18.0.0"
      },
      "peerDependencies": {
        "@dicebear/core": "^9.0.0"
      }
    },
    "node_modules/@types/json-schema": {
      "version": "7.0.15",
      "resolved": "https://registry.npmjs.org/@types/json-schema/-/json-schema-7.0.15.tgz",
      "integrity": "sha512-5+fP8P8MFNC+AyZCDxrB2pkZFPGzqQWUzpSeuuVLvm8VMcorNYavBqoFcxK8bQz4Qsbn4oUEEem4wDLfcysGHA==",
      "license": "MIT"
    }
  }
}
